// !$*UTF8*$!
{
	archiveVersion = 1;
	classes = {
	};
	objectVersion = 48;
	objects = {

/* Begin PBXBuildFile section */
		B693BB531F9A79B500784B54 /* AppDelegate.swift in Sources */ = {isa = PBXBuildFile; fileRef = B693BB521F9A79B500784B54 /* AppDelegate.swift */; };
		B693BB551F9A79B500784B54 /* FeedController.swift in Sources */ = {isa = PBXBuildFile; fileRef = B693BB541F9A79B500784B54 /* FeedController.swift */; };
		B693BB581F9A79B500784B54 /* Main.storyboard in Resources */ = {isa = PBXBuildFile; fileRef = B693BB561F9A79B500784B54 /* Main.storyboard */; };
		B693BB5A1F9A79B500784B54 /* Assets.xcassets in Resources */ = {isa = PBXBuildFile; fileRef = B693BB591F9A79B500784B54 /* Assets.xcassets */; };
		B693BB5D1F9A79B500784B54 /* LaunchScreen.storyboard in Resources */ = {isa = PBXBuildFile; fileRef = B693BB5B1F9A79B500784B54 /* LaunchScreen.storyboard */; };
		B6B535D51F9B656A0069139B /* TaskCollectionViewLayout.swift in Sources */ = {isa = PBXBuildFile; fileRef = B6B535D41F9B656A0069139B /* TaskCollectionViewLayout.swift */; };
		B6EC8FC81F9A7B5C00BA75E2 /* ServerProvider.swift in Sources */ = {isa = PBXBuildFile; fileRef = B6EC8FC71F9A7B5C00BA75E2 /* ServerProvider.swift */; };
		B6EC8FD11F9B5D7900BA75E2 /* TaskTableViewCell.swift in Sources */ = {isa = PBXBuildFile; fileRef = B6EC8FD01F9B5D7900BA75E2 /* TaskTableViewCell.swift */; };
		B6EC8FD41F9B60B600BA75E2 /* TaskCollectionViewCell.swift in Sources */ = {isa = PBXBuildFile; fileRef = B6EC8FD31F9B60B600BA75E2 /* TaskCollectionViewCell.swift */; };
		E87E8B80E63624DB541C3CE3 /* Pods_Lentach.framework in Frameworks */ = {isa = PBXBuildFile; fileRef = 77A1771A85834F9614903EF9 /* Pods_Lentach.framework */; };
/* End PBXBuildFile section */

/* Begin PBXFileReference section */
		27635981B54EE3D659AB72C6 /* Pods-Lentach.debug.xcconfig */ = {isa = PBXFileReference; includeInIndex = 1; lastKnownFileType = text.xcconfig; name = "Pods-Lentach.debug.xcconfig"; path = "Pods/Target Support Files/Pods-Lentach/Pods-Lentach.debug.xcconfig"; sourceTree = "<group>"; };
		77A1771A85834F9614903EF9 /* Pods_Lentach.framework */ = {isa = PBXFileReference; explicitFileType = wrapper.framework; includeInIndex = 0; path = Pods_Lentach.framework; sourceTree = BUILT_PRODUCTS_DIR; };
		AEA1FFB273FB28A6C0BFB885 /* Pods-Lentach.release.xcconfig */ = {isa = PBXFileReference; includeInIndex = 1; lastKnownFileType = text.xcconfig; name = "Pods-Lentach.release.xcconfig"; path = "Pods/Target Support Files/Pods-Lentach/Pods-Lentach.release.xcconfig"; sourceTree = "<group>"; };
		B693BB4F1F9A79B500784B54 /* Lentach.app */ = {isa = PBXFileReference; explicitFileType = wrapper.application; includeInIndex = 0; path = Lentach.app; sourceTree = BUILT_PRODUCTS_DIR; };
		B693BB521F9A79B500784B54 /* AppDelegate.swift */ = {isa = PBXFileReference; lastKnownFileType = sourcecode.swift; path = AppDelegate.swift; sourceTree = "<group>"; };
		B693BB541F9A79B500784B54 /* FeedController.swift */ = {isa = PBXFileReference; lastKnownFileType = sourcecode.swift; path = FeedController.swift; sourceTree = "<group>"; };
		B693BB571F9A79B500784B54 /* Base */ = {isa = PBXFileReference; lastKnownFileType = file.storyboard; name = Base; path = Base.lproj/Main.storyboard; sourceTree = "<group>"; };
		B693BB591F9A79B500784B54 /* Assets.xcassets */ = {isa = PBXFileReference; lastKnownFileType = folder.assetcatalog; path = Assets.xcassets; sourceTree = "<group>"; };
		B693BB5C1F9A79B500784B54 /* Base */ = {isa = PBXFileReference; lastKnownFileType = file.storyboard; name = Base; path = Base.lproj/LaunchScreen.storyboard; sourceTree = "<group>"; };
		B693BB5E1F9A79B500784B54 /* Info.plist */ = {isa = PBXFileReference; lastKnownFileType = text.plist.xml; path = Info.plist; sourceTree = "<group>"; };
		B6B535D41F9B656A0069139B /* TaskCollectionViewLayout.swift */ = {isa = PBXFileReference; lastKnownFileType = sourcecode.swift; path = TaskCollectionViewLayout.swift; sourceTree = "<group>"; };
		B6EC8FC71F9A7B5C00BA75E2 /* ServerProvider.swift */ = {isa = PBXFileReference; lastKnownFileType = sourcecode.swift; path = ServerProvider.swift; sourceTree = "<group>"; };
		B6EC8FD01F9B5D7900BA75E2 /* TaskTableViewCell.swift */ = {isa = PBXFileReference; lastKnownFileType = sourcecode.swift; path = TaskTableViewCell.swift; sourceTree = "<group>"; };
		B6EC8FD31F9B60B600BA75E2 /* TaskCollectionViewCell.swift */ = {isa = PBXFileReference; lastKnownFileType = sourcecode.swift; path = TaskCollectionViewCell.swift; sourceTree = "<group>"; };
/* End PBXFileReference section */

/* Begin PBXFrameworksBuildPhase section */
		B693BB4C1F9A79B500784B54 /* Frameworks */ = {
			isa = PBXFrameworksBuildPhase;
			buildActionMask = 2147483647;
			files = (
				E87E8B80E63624DB541C3CE3 /* Pods_Lentach.framework in Frameworks */,
			);
			runOnlyForDeploymentPostprocessing = 0;
		};
/* End PBXFrameworksBuildPhase section */

/* Begin PBXGroup section */
		3BD8EFD0A2E7916ABA37E0ED /* Pods */ = {
			isa = PBXGroup;
			children = (
				27635981B54EE3D659AB72C6 /* Pods-Lentach.debug.xcconfig */,
				AEA1FFB273FB28A6C0BFB885 /* Pods-Lentach.release.xcconfig */,
			);
			name = Pods;
			sourceTree = "<group>";
		};
		63921CF56E3C0FCFFB871531 /* Frameworks */ = {
			isa = PBXGroup;
			children = (
				77A1771A85834F9614903EF9 /* Pods_Lentach.framework */,
			);
			name = Frameworks;
			sourceTree = "<group>";
		};
		B693BB461F9A79B500784B54 = {
			isa = PBXGroup;
			children = (
				B693BB511F9A79B500784B54 /* Lentach */,
				B693BB501F9A79B500784B54 /* Products */,
				3BD8EFD0A2E7916ABA37E0ED /* Pods */,
				63921CF56E3C0FCFFB871531 /* Frameworks */,
			);
			sourceTree = "<group>";
		};
		B693BB501F9A79B500784B54 /* Products */ = {
			isa = PBXGroup;
			children = (
				B693BB4F1F9A79B500784B54 /* Lentach.app */,
			);
			name = Products;
			sourceTree = "<group>";
		};
		B693BB511F9A79B500784B54 /* Lentach */ = {
			isa = PBXGroup;
			children = (
				B6EC8FC31F9A7AFA00BA75E2 /* Group */,
				B6EC8FC01F9A7AED00BA75E2 /* Core */,
				B693BB651F9A79CF00784B54 /* LentachOther */,
			);
			path = Lentach;
			sourceTree = "<group>";
		};
		B693BB651F9A79CF00784B54 /* LentachOther */ = {
			isa = PBXGroup;
			children = (
				B693BB521F9A79B500784B54 /* AppDelegate.swift */,
				B693BB591F9A79B500784B54 /* Assets.xcassets */,
				B693BB5B1F9A79B500784B54 /* LaunchScreen.storyboard */,
				B693BB5E1F9A79B500784B54 /* Info.plist */,
			);
			name = LentachOther;
			sourceTree = "<group>";
		};
		B6B535D31F9B65390069139B /* Layout */ = {
			isa = PBXGroup;
			children = (
				B6B535D41F9B656A0069139B /* TaskCollectionViewLayout.swift */,
			);
			path = Layout;
			sourceTree = "<group>";
		};
		B6EC8FC01F9A7AED00BA75E2 /* Core */ = {
			isa = PBXGroup;
			children = (
				B6EC8FC61F9A7B0B00BA75E2 /* Server */,
				B6EC8FC21F9A7AF400BA75E2 /* Manager */,
				B6EC8FC11F9A7AF100BA75E2 /* Model */,
			);
			path = Core;
			sourceTree = "<group>";
		};
		B6EC8FC11F9A7AF100BA75E2 /* Model */ = {
			isa = PBXGroup;
			children = (
			);
			path = Model;
			sourceTree = "<group>";
		};
		B6EC8FC21F9A7AF400BA75E2 /* Manager */ = {
			isa = PBXGroup;
			children = (
			);
			path = Manager;
			sourceTree = "<group>";
		};
		B6EC8FC31F9A7AFA00BA75E2 /* Group */ = {
			isa = PBXGroup;
			children = (
				B6EC8FC41F9A7AFF00BA75E2 /* Feed */,
			);
			path = Group;
			sourceTree = "<group>";
		};
		B6EC8FC41F9A7AFF00BA75E2 /* Feed */ = {
			isa = PBXGroup;
			children = (
				B6B535D31F9B65390069139B /* Layout */,
				B6EC8FD21F9B5D8A00BA75E2 /* Storyboard */,
				B6EC8FCD1F9B5D5600BA75E2 /* Cell */,
				B6EC8FC51F9A7B0500BA75E2 /* Controller */,
			);
			path = Feed;
			sourceTree = "<group>";
		};
		B6EC8FC51F9A7B0500BA75E2 /* Controller */ = {
			isa = PBXGroup;
			children = (
				B693BB541F9A79B500784B54 /* FeedController.swift */,
			);
			path = Controller;
			sourceTree = "<group>";
		};
		B6EC8FC61F9A7B0B00BA75E2 /* Server */ = {
			isa = PBXGroup;
			children = (
				B6EC8FC71F9A7B5C00BA75E2 /* ServerProvider.swift */,
			);
			path = Server;
			sourceTree = "<group>";
		};
		B6EC8FCD1F9B5D5600BA75E2 /* Cell */ = {
			isa = PBXGroup;
			children = (
				B6EC8FCF1F9B5D6000BA75E2 /* TableView */,
				B6EC8FCE1F9B5D5B00BA75E2 /* ColletionView */,
			);
			path = Cell;
			sourceTree = "<group>";
		};
		B6EC8FCE1F9B5D5B00BA75E2 /* ColletionView */ = {
			isa = PBXGroup;
			children = (
				B6EC8FD31F9B60B600BA75E2 /* TaskCollectionViewCell.swift */,
			);
			path = ColletionView;
			sourceTree = "<group>";
		};
		B6EC8FCF1F9B5D6000BA75E2 /* TableView */ = {
			isa = PBXGroup;
			children = (
				B6EC8FD01F9B5D7900BA75E2 /* TaskTableViewCell.swift */,
			);
			path = TableView;
			sourceTree = "<group>";
		};
		B6EC8FD21F9B5D8A00BA75E2 /* Storyboard */ = {
			isa = PBXGroup;
			children = (
				B693BB561F9A79B500784B54 /* Main.storyboard */,
			);
			path = Storyboard;
			sourceTree = "<group>";
		};
/* End PBXGroup section */

/* Begin PBXNativeTarget section */
		B693BB4E1F9A79B500784B54 /* Lentach */ = {
			isa = PBXNativeTarget;
			buildConfigurationList = B693BB611F9A79B500784B54 /* Build configuration list for PBXNativeTarget "Lentach" */;
			buildPhases = (
				B68D089C5E62E663DC558B6E /* [CP] Check Pods Manifest.lock */,
				B693BB4B1F9A79B500784B54 /* Sources */,
				B693BB4C1F9A79B500784B54 /* Frameworks */,
				B693BB4D1F9A79B500784B54 /* Resources */,
				237AC3642961AD9D8C851054 /* [CP] Embed Pods Frameworks */,
				3410C1C32E625E7B8DEBFFF8 /* [CP] Copy Pods Resources */,
			);
			buildRules = (
			);
			dependencies = (
			);
			name = Lentach;
			productName = Lentach;
			productReference = B693BB4F1F9A79B500784B54 /* Lentach.app */;
			productType = "com.apple.product-type.application";
		};
/* End PBXNativeTarget section */

/* Begin PBXProject section */
		B693BB471F9A79B500784B54 /* Project object */ = {
			isa = PBXProject;
			attributes = {
				LastSwiftUpdateCheck = 0900;
				LastUpgradeCheck = 0900;
				ORGANIZATIONNAME = "Dzianis Baidan";
				TargetAttributes = {
					B693BB4E1F9A79B500784B54 = {
						CreatedOnToolsVersion = 9.0.1;
						ProvisioningStyle = Automatic;
					};
				};
			};
			buildConfigurationList = B693BB4A1F9A79B500784B54 /* Build configuration list for PBXProject "Lentach" */;
			compatibilityVersion = "Xcode 8.0";
			developmentRegion = en;
			hasScannedForEncodings = 0;
			knownRegions = (
				en,
				Base,
			);
			mainGroup = B693BB461F9A79B500784B54;
			productRefGroup = B693BB501F9A79B500784B54 /* Products */;
			projectDirPath = "";
			projectRoot = "";
			targets = (
				B693BB4E1F9A79B500784B54 /* Lentach */,
			);
		};
/* End PBXProject section */

/* Begin PBXResourcesBuildPhase section */
		B693BB4D1F9A79B500784B54 /* Resources */ = {
			isa = PBXResourcesBuildPhase;
			buildActionMask = 2147483647;
			files = (
				B693BB5D1F9A79B500784B54 /* LaunchScreen.storyboard in Resources */,
				B693BB5A1F9A79B500784B54 /* Assets.xcassets in Resources */,
				B693BB581F9A79B500784B54 /* Main.storyboard in Resources */,
			);
			runOnlyForDeploymentPostprocessing = 0;
		};
/* End PBXResourcesBuildPhase section */

/* Begin PBXShellScriptBuildPhase section */
		237AC3642961AD9D8C851054 /* [CP] Embed Pods Frameworks */ = {
			isa = PBXShellScriptBuildPhase;
			buildActionMask = 2147483647;
			files = (
			);
			inputPaths = (
				"${SRCROOT}/Pods/Target Support Files/Pods-Lentach/Pods-Lentach-frameworks.sh",
				"${BUILT_PRODUCTS_DIR}/Alamofire/Alamofire.framework",
				"${BUILT_PRODUCTS_DIR}/Moya/Moya.framework",
				"${BUILT_PRODUCTS_DIR}/Result/Result.framework",
			);
			name = "[CP] Embed Pods Frameworks";
			outputPaths = (
				"${TARGET_BUILD_DIR}/${FRAMEWORKS_FOLDER_PATH}/Alamofire.framework",
				"${TARGET_BUILD_DIR}/${FRAMEWORKS_FOLDER_PATH}/Moya.framework",
				"${TARGET_BUILD_DIR}/${FRAMEWORKS_FOLDER_PATH}/Result.framework",
			);
			runOnlyForDeploymentPostprocessing = 0;
			shellPath = /bin/sh;
			shellScript = "\"${SRCROOT}/Pods/Target Support Files/Pods-Lentach/Pods-Lentach-frameworks.sh\"\n";
			showEnvVarsInLog = 0;
		};
		3410C1C32E625E7B8DEBFFF8 /* [CP] Copy Pods Resources */ = {
			isa = PBXShellScriptBuildPhase;
			buildActionMask = 2147483647;
			files = (
			);
			inputPaths = (
			);
			name = "[CP] Copy Pods Resources";
			outputPaths = (
			);
			runOnlyForDeploymentPostprocessing = 0;
			shellPath = /bin/sh;
			shellScript = "\"${SRCROOT}/Pods/Target Support Files/Pods-Lentach/Pods-Lentach-resources.sh\"\n";
			showEnvVarsInLog = 0;
		};
		B68D089C5E62E663DC558B6E /* [CP] Check Pods Manifest.lock */ = {
			isa = PBXShellScriptBuildPhase;
			buildActionMask = 2147483647;
			files = (
			);
			inputPaths = (
				"${PODS_PODFILE_DIR_PATH}/Podfile.lock",
				"${PODS_ROOT}/Manifest.lock",
			);
			name = "[CP] Check Pods Manifest.lock";
			outputPaths = (
				"$(DERIVED_FILE_DIR)/Pods-Lentach-checkManifestLockResult.txt",
			);
			runOnlyForDeploymentPostprocessing = 0;
			shellPath = /bin/sh;
			shellScript = "diff \"${PODS_PODFILE_DIR_PATH}/Podfile.lock\" \"${PODS_ROOT}/Manifest.lock\" > /dev/null\nif [ $? != 0 ] ; then\n    # print error to STDERR\n    echo \"error: The sandbox is not in sync with the Podfile.lock. Run 'pod install' or update your CocoaPods installation.\" >&2\n    exit 1\nfi\n# This output is used by Xcode 'outputs' to avoid re-running this script phase.\necho \"SUCCESS\" > \"${SCRIPT_OUTPUT_FILE_0}\"\n";
			showEnvVarsInLog = 0;
		};
/* End PBXShellScriptBuildPhase section */

/* Begin PBXSourcesBuildPhase section */
		B693BB4B1F9A79B500784B54 /* Sources */ = {
			isa = PBXSourcesBuildPhase;
			buildActionMask = 2147483647;
			files = (
				B6EC8FD11F9B5D7900BA75E2 /* TaskTableViewCell.swift in Sources */,
				B6EC8FC81F9A7B5C00BA75E2 /* ServerProvider.swift in Sources */,
				B693BB551F9A79B500784B54 /* FeedController.swift in Sources */,
				B6B535D51F9B656A0069139B /* TaskCollectionViewLayout.swift in Sources */,
				B6EC8FD41F9B60B600BA75E2 /* TaskCollectionViewCell.swift in Sources */,
				B693BB531F9A79B500784B54 /* AppDelegate.swift in Sources */,
			);
			runOnlyForDeploymentPostprocessing = 0;
		};
/* End PBXSourcesBuildPhase section */

/* Begin PBXVariantGroup section */
		B693BB561F9A79B500784B54 /* Main.storyboard */ = {
			isa = PBXVariantGroup;
			children = (
				B693BB571F9A79B500784B54 /* Base */,
			);
			name = Main.storyboard;
			sourceTree = "<group>";
		};
		B693BB5B1F9A79B500784B54 /* LaunchScreen.storyboard */ = {
			isa = PBXVariantGroup;
			children = (
				B693BB5C1F9A79B500784B54 /* Base */,
			);
			name = LaunchScreen.storyboard;
			sourceTree = "<group>";
		};
/* End PBXVariantGroup section */

/* Begin XCBuildConfiguration section */
		B693BB5F1F9A79B500784B54 /* Debug */ = {
			isa = XCBuildConfiguration;
			buildSettings = {
				ALWAYS_SEARCH_USER_PATHS = NO;
				CLANG_ANALYZER_NONNULL = YES;
				CLANG_ANALYZER_NUMBER_OBJECT_CONVERSION = YES_AGGRESSIVE;
				CLANG_CXX_LANGUAGE_STANDARD = "gnu++14";
				CLANG_CXX_LIBRARY = "libc++";
				CLANG_ENABLE_MODULES = YES;
				CLANG_ENABLE_OBJC_ARC = YES;
				CLANG_WARN_BLOCK_CAPTURE_AUTORELEASING = YES;
				CLANG_WARN_BOOL_CONVERSION = YES;
				CLANG_WARN_COMMA = YES;
				CLANG_WARN_CONSTANT_CONVERSION = YES;
				CLANG_WARN_DIRECT_OBJC_ISA_USAGE = YES_ERROR;
				CLANG_WARN_DOCUMENTATION_COMMENTS = YES;
				CLANG_WARN_EMPTY_BODY = YES;
				CLANG_WARN_ENUM_CONVERSION = YES;
				CLANG_WARN_INFINITE_RECURSION = YES;
				CLANG_WARN_INT_CONVERSION = YES;
				CLANG_WARN_NON_LITERAL_NULL_CONVERSION = YES;
				CLANG_WARN_OBJC_LITERAL_CONVERSION = YES;
				CLANG_WARN_OBJC_ROOT_CLASS = YES_ERROR;
				CLANG_WARN_RANGE_LOOP_ANALYSIS = YES;
				CLANG_WARN_STRICT_PROTOTYPES = YES;
				CLANG_WARN_SUSPICIOUS_MOVE = YES;
				CLANG_WARN_UNGUARDED_AVAILABILITY = YES_AGGRESSIVE;
				CLANG_WARN_UNREACHABLE_CODE = YES;
				CLANG_WARN__DUPLICATE_METHOD_MATCH = YES;
				CODE_SIGN_IDENTITY = "iPhone Developer";
				COPY_PHASE_STRIP = NO;
				DEBUG_INFORMATION_FORMAT = dwarf;
				ENABLE_STRICT_OBJC_MSGSEND = YES;
				ENABLE_TESTABILITY = YES;
				GCC_C_LANGUAGE_STANDARD = gnu11;
				GCC_DYNAMIC_NO_PIC = NO;
				GCC_NO_COMMON_BLOCKS = YES;
				GCC_OPTIMIZATION_LEVEL = 0;
				GCC_PREPROCESSOR_DEFINITIONS = (
					"DEBUG=1",
					"$(inherited)",
				);
				GCC_WARN_64_TO_32_BIT_CONVERSION = YES;
				GCC_WARN_ABOUT_RETURN_TYPE = YES_ERROR;
				GCC_WARN_UNDECLARED_SELECTOR = YES;
				GCC_WARN_UNINITIALIZED_AUTOS = YES_AGGRESSIVE;
				GCC_WARN_UNUSED_FUNCTION = YES;
				GCC_WARN_UNUSED_VARIABLE = YES;
				IPHONEOS_DEPLOYMENT_TARGET = 11.0;
				MTL_ENABLE_DEBUG_INFO = YES;
				ONLY_ACTIVE_ARCH = YES;
				SDKROOT = iphoneos;
				SWIFT_ACTIVE_COMPILATION_CONDITIONS = DEBUG;
				SWIFT_OPTIMIZATION_LEVEL = "-Onone";
			};
			name = Debug;
		};
		B693BB601F9A79B500784B54 /* Release */ = {
			isa = XCBuildConfiguration;
			buildSettings = {
				ALWAYS_SEARCH_USER_PATHS = NO;
				CLANG_ANALYZER_NONNULL = YES;
				CLANG_ANALYZER_NUMBER_OBJECT_CONVERSION = YES_AGGRESSIVE;
				CLANG_CXX_LANGUAGE_STANDARD = "gnu++14";
				CLANG_CXX_LIBRARY = "libc++";
				CLANG_ENABLE_MODULES = YES;
				CLANG_ENABLE_OBJC_ARC = YES;
				CLANG_WARN_BLOCK_CAPTURE_AUTORELEASING = YES;
				CLANG_WARN_BOOL_CONVERSION = YES;
				CLANG_WARN_COMMA = YES;
				CLANG_WARN_CONSTANT_CONVERSION = YES;
				CLANG_WARN_DIRECT_OBJC_ISA_USAGE = YES_ERROR;
				CLANG_WARN_DOCUMENTATION_COMMENTS = YES;
				CLANG_WARN_EMPTY_BODY = YES;
				CLANG_WARN_ENUM_CONVERSION = YES;
				CLANG_WARN_INFINITE_RECURSION = YES;
				CLANG_WARN_INT_CONVERSION = YES;
				CLANG_WARN_NON_LITERAL_NULL_CONVERSION = YES;
				CLANG_WARN_OBJC_LITERAL_CONVERSION = YES;
				CLANG_WARN_OBJC_ROOT_CLASS = YES_ERROR;
				CLANG_WARN_RANGE_LOOP_ANALYSIS = YES;
				CLANG_WARN_STRICT_PROTOTYPES = YES;
				CLANG_WARN_SUSPICIOUS_MOVE = YES;
				CLANG_WARN_UNGUARDED_AVAILABILITY = YES_AGGRESSIVE;
				CLANG_WARN_UNREACHABLE_CODE = YES;
				CLANG_WARN__DUPLICATE_METHOD_MATCH = YES;
				CODE_SIGN_IDENTITY = "iPhone Developer";
				COPY_PHASE_STRIP = NO;
				DEBUG_INFORMATION_FORMAT = "dwarf-with-dsym";
				ENABLE_NS_ASSERTIONS = NO;
				ENABLE_STRICT_OBJC_MSGSEND = YES;
				GCC_C_LANGUAGE_STANDARD = gnu11;
				GCC_NO_COMMON_BLOCKS = YES;
				GCC_WARN_64_TO_32_BIT_CONVERSION = YES;
				GCC_WARN_ABOUT_RETURN_TYPE = YES_ERROR;
				GCC_WARN_UNDECLARED_SELECTOR = YES;
				GCC_WARN_UNINITIALIZED_AUTOS = YES_AGGRESSIVE;
				GCC_WARN_UNUSED_FUNCTION = YES;
				GCC_WARN_UNUSED_VARIABLE = YES;
				IPHONEOS_DEPLOYMENT_TARGET = 11.0;
				MTL_ENABLE_DEBUG_INFO = NO;
				SDKROOT = iphoneos;
				SWIFT_OPTIMIZATION_LEVEL = "-Owholemodule";
				VALIDATE_PRODUCT = YES;
			};
			name = Release;
		};
		B693BB621F9A79B500784B54 /* Debug */ = {
			isa = XCBuildConfiguration;
			baseConfigurationReference = 27635981B54EE3D659AB72C6 /* Pods-Lentach.debug.xcconfig */;
			buildSettings = {
				ASSETCATALOG_COMPILER_APPICON_NAME = AppIcon;
				CODE_SIGN_STYLE = Automatic;
				DEVELOPMENT_TEAM = 7K6W99SAJR;
				INFOPLIST_FILE = Lentach/Info.plist;
				LD_RUNPATH_SEARCH_PATHS = "$(inherited) @executable_path/Frameworks";
				PRODUCT_BUNDLE_IDENTIFIER = DB.Lentach;
				PRODUCT_NAME = "$(TARGET_NAME)";
				SWIFT_VERSION = 4.0;
				TARGETED_DEVICE_FAMILY = "1,2";
			};
			name = Debug;
		};
		B693BB631F9A79B500784B54 /* Release */ = {
			isa = XCBuildConfiguration;
			baseConfigurationReference = AEA1FFB273FB28A6C0BFB885 /* Pods-Lentach.release.xcconfig */;
			buildSettings = {
				ASSETCATALOG_COMPILER_APPICON_NAME = AppIcon;
				CODE_SIGN_STYLE = Automatic;
				DEVELOPMENT_TEAM = 7K6W99SAJR;
				INFOPLIST_FILE = Lentach/Info.plist;
				LD_RUNPATH_SEARCH_PATHS = "$(inherited) @executable_path/Frameworks";
				PRODUCT_BUNDLE_IDENTIFIER = DB.Lentach;
				PRODUCT_NAME = "$(TARGET_NAME)";
				SWIFT_VERSION = 4.0;
				TARGETED_DEVICE_FAMILY = "1,2";
			};
			name = Release;
		};
/* End XCBuildConfiguration section */

/* Begin XCConfigurationList section */
		B693BB4A1F9A79B500784B54 /* Build configuration list for PBXProject "Lentach" */ = {
			isa = XCConfigurationList;
			buildConfigurations = (
				B693BB5F1F9A79B500784B54 /* Debug */,
				B693BB601F9A79B500784B54 /* Release */,
			);
			defaultConfigurationIsVisible = 0;
			defaultConfigurationName = Release;
		};
		B693BB611F9A79B500784B54 /* Build configuration list for PBXNativeTarget "Lentach" */ = {
			isa = XCConfigurationList;
			buildConfigurations = (
				B693BB621F9A79B500784B54 /* Debug */,
				B693BB631F9A79B500784B54 /* Release */,
			);
			defaultConfigurationIsVisible = 0;
			defaultConfigurationName = Release;
		};
/* End XCConfigurationList section */
	};
	rootObject = B693BB471F9A79B500784B54 /* Project object */;
}
